
Microsoft Visual Studio Solution File, Format Version 12.00
# Visual Studio Version 16
VisualStudioVersion = 16.0.29201.188
MinimumVisualStudioVersion = 10.0.40219.1
Project("{FAE04EC0-301F-11D3-BF4B-00C04F79EFBC}") = "QuickBuy.Dominio", "QuickBuy.Dominio\QuickBuy.Dominio.csproj", "{7DD1FEC9-08F9-40D8-8D9F-298D8F4838E1}"
EndProject
Project("{FAE04EC0-301F-11D3-BF4B-00C04F79EFBC}") = "QuickBuy.Repositorio", "QuickBuy.Repositorio\QuickBuy.Repositorio.csproj", "{B8C8376F-FDCE-4412-A53A-8F7FC09F5793}"
EndProject
Project("{FAE04EC0-301F-11D3-BF4B-00C04F79EFBC}") = "QuickBuy.Web", "QuickBuy.Web\QuickBuy.Web.csproj", "{D4379DCA-027B-4BEA-8EDF-E9BE8111ABB8}"
EndProject
Global
	GlobalSection(SolutionConfigurationPlatforms) = preSolution
		Debug|Any CPU = Debug|Any CPU
		Release|Any CPU = Release|Any CPU
	EndGlobalSection
	GlobalSection(ProjectConfigurationPlatforms) = postSolution
		{7DD1FEC9-08F9-40D8-8D9F-298D8F4838E1}.Debug|Any CPU.ActiveCfg = Debug|Any CPU
		{7DD1FEC9-08F9-40D8-8D9F-298D8F4838E1}.Debug|Any CPU.Build.0 = Debug|Any CPU
		{7DD1FEC9-08F9-40D8-8D9F-298D8F4838E1}.Release|Any CPU.ActiveCfg = Release|Any CPU
		{7DD1FEC9-08F9-40D8-8D9F-298D8F4838E1}.Release|Any CPU.Build.0 = Release|Any CPU
		{B8C8376F-FDCE-4412-A53A-8F7FC09F5793}.Debug|Any CPU.ActiveCfg = Debug|Any CPU
		{B8C8376F-FDCE-4412-A53A-8F7FC09F5793}.Debug|Any CPU.Build.0 = Debug|Any CPU
		{B8C8376F-FDCE-4412-A53A-8F7FC09F5793}.Release|Any CPU.ActiveCfg = Release|Any CPU
		{B8C8376F-FDCE-4412-A53A-8F7FC09F5793}.Release|Any CPU.Build.0 = Release|Any CPU
		{D4379DCA-027B-4BEA-8EDF-E9BE8111ABB8}.Debug|Any CPU.ActiveCfg = Debug|Any CPU
		{D4379DCA-027B-4BEA-8EDF-E9BE8111ABB8}.Debug|Any CPU.Build.0 = Debug|Any CPU
		{D4379DCA-027B-4BEA-8EDF-E9BE8111ABB8}.Release|Any CPU.ActiveCfg = Release|Any CPU
		{D4379DCA-027B-4BEA-8EDF-E9BE8111ABB8}.Release|Any CPU.Build.0 = Release|Any CPU
	EndGlobalSection
	GlobalSection(SolutionProperties) = preSolution
		HideSolutionNode = FALSE
	EndGlobalSection
	GlobalSection(ExtensibilityGlobals) = postSolution
		SolutionGuid = {138DBADA-B02F-40DA-BA09-848FEBB2BEF8}
	EndGlobalSection
EndGlobal
